
Microsoft Visual Studio Solution File, Format Version 12.00
# Visual Studio Version 17
VisualStudioVersion = 17.13.35913.81
MinimumVisualStudioVersion = 10.0.40219.1
Project("{FAE04EC0-301F-11D3-BF4B-00C04F79EFBC}") = "4902-GCD2501", "4902-GCD2501\4902-GCD2501.csproj", "{92866C71-ED22-48EA-9719-117926FB32E6}"
EndProject
Project("{FAE04EC0-301F-11D3-BF4B-00C04F79EFBC}") = "ContactManagementSystemBasic", "ContactManagementSystemBasic\ContactManagementSystemBasic.csproj", "{4B4F9E33-CBA7-4673-88BA-EA7BAA62DF67}"
EndProject
Project("{FAE04EC0-301F-11D3-BF4B-00C04F79EFBC}") = "LiveCoding", "LiveCoding\LiveCoding.csproj", "{4726F946-1A9A-495A-9E91-CAE442836B87}"
EndProject
Project("{FAE04EC0-301F-11D3-BF4B-00C04F79EFBC}") = "ContactManagementSystemOOP", "ContactManagementSystemOOP\ContactManagementSystemOOP.csproj", "{A491B15A-AF41-4A95-8443-6BA80FFCAFF5}"
EndProject
Project("{FAE04EC0-301F-11D3-BF4B-00C04F79EFBC}") = "UnitTestingDemo", "UnitTestingDemo\UnitTestingDemo.csproj", "{5D0AF488-5D41-4770-8345-3A95F60D8E11}"
EndProject
Project("{FAE04EC0-301F-11D3-BF4B-00C04F79EFBC}") = "ContactManagementSystemOOPLargeDataset", "ContactManagementSystemOOPLargeDataset\ContactManagementSystemOOPLargeDataset.csproj", "{E066EA9F-3021-4B42-A828-F412A48B2490}"
EndProject
Global
	GlobalSection(SolutionConfigurationPlatforms) = preSolution
		Debug|Any CPU = Debug|Any CPU
		Release|Any CPU = Release|Any CPU
	EndGlobalSection
	GlobalSection(ProjectConfigurationPlatforms) = postSolution
		{92866C71-ED22-48EA-9719-117926FB32E6}.Debug|Any CPU.ActiveCfg = Debug|Any CPU
		{92866C71-ED22-48EA-9719-117926FB32E6}.Debug|Any CPU.Build.0 = Debug|Any CPU
		{92866C71-ED22-48EA-9719-117926FB32E6}.Release|Any CPU.ActiveCfg = Release|Any CPU
		{92866C71-ED22-48EA-9719-117926FB32E6}.Release|Any CPU.Build.0 = Release|Any CPU
		{4B4F9E33-CBA7-4673-88BA-EA7BAA62DF67}.Debug|Any CPU.ActiveCfg = Debug|Any CPU
		{4B4F9E33-CBA7-4673-88BA-EA7BAA62DF67}.Debug|Any CPU.Build.0 = Debug|Any CPU
		{4B4F9E33-CBA7-4673-88BA-EA7BAA62DF67}.Release|Any CPU.ActiveCfg = Release|Any CPU
		{4B4F9E33-CBA7-4673-88BA-EA7BAA62DF67}.Release|Any CPU.Build.0 = Release|Any CPU
		{4726F946-1A9A-495A-9E91-CAE442836B87}.Debug|Any CPU.ActiveCfg = Debug|Any CPU
		{4726F946-1A9A-495A-9E91-CAE442836B87}.Debug|Any CPU.Build.0 = Debug|Any CPU
		{4726F946-1A9A-495A-9E91-CAE442836B87}.Release|Any CPU.ActiveCfg = Release|Any CPU
		{4726F946-1A9A-495A-9E91-CAE442836B87}.Release|Any CPU.Build.0 = Release|Any CPU
		{A491B15A-AF41-4A95-8443-6BA80FFCAFF5}.Debug|Any CPU.ActiveCfg = Debug|Any CPU
		{A491B15A-AF41-4A95-8443-6BA80FFCAFF5}.Debug|Any CPU.Build.0 = Debug|Any CPU
		{A491B15A-AF41-4A95-8443-6BA80FFCAFF5}.Release|Any CPU.ActiveCfg = Release|Any CPU
		{A491B15A-AF41-4A95-8443-6BA80FFCAFF5}.Release|Any CPU.Build.0 = Release|Any CPU
		{5D0AF488-5D41-4770-8345-3A95F60D8E11}.Debug|Any CPU.ActiveCfg = Debug|Any CPU
		{5D0AF488-5D41-4770-8345-3A95F60D8E11}.Debug|Any CPU.Build.0 = Debug|Any CPU
		{5D0AF488-5D41-4770-8345-3A95F60D8E11}.Release|Any CPU.ActiveCfg = Release|Any CPU
		{5D0AF488-5D41-4770-8345-3A95F60D8E11}.Release|Any CPU.Build.0 = Release|Any CPU
		{E066EA9F-3021-4B42-A828-F412A48B2490}.Debug|Any CPU.ActiveCfg = Debug|Any CPU
		{E066EA9F-3021-4B42-A828-F412A48B2490}.Debug|Any CPU.Build.0 = Debug|Any CPU
		{E066EA9F-3021-4B42-A828-F412A48B2490}.Release|Any CPU.ActiveCfg = Release|Any CPU
		{E066EA9F-3021-4B42-A828-F412A48B2490}.Release|Any CPU.Build.0 = Release|Any CPU
	EndGlobalSection
	GlobalSection(SolutionProperties) = preSolution
		HideSolutionNode = FALSE
	EndGlobalSection
	GlobalSection(ExtensibilityGlobals) = postSolution
		SolutionGuid = {6F150A5D-DC9A-42D5-9E28-04F4240394A5}
	EndGlobalSection
EndGlobal
